
Microsoft Visual Studio Solution File, Format Version 12.00
# Visual Studio 15
VisualStudioVersion = 15.0.27004.2002
MinimumVisualStudioVersion = 10.0.40219.1
Project("{FAE04EC0-301F-11D3-BF4B-00C04F79EFBC}") = "Jubjubnest.Style.DotNet", "Jubjubnest.Style.DotNet\Jubjubnest.Style.DotNet.csproj", "{F232F1C1-867D-4713-9336-2DC22B54DB66}"
EndProject
Project("{FAE04EC0-301F-11D3-BF4B-00C04F79EFBC}") = "Jubjubnest.Style.DotNet.Test", "Jubjubnest.Style.DotNet.Test\Jubjubnest.Style.DotNet.Test.csproj", "{B49C3226-EFEB-49BA-98D4-BA967EC96AF7}"
EndProject
Project("{FAE04EC0-301F-11D3-BF4B-00C04F79EFBC}") = "Jubjubnest.Style.DotNet.Vsix", "Jubjubnest.Style.DotNet.Vsix\Jubjubnest.Style.DotNet.Vsix.csproj", "{C43F7090-B19A-43C6-98E7-B063FBD56A4D}"
EndProject
Global
	GlobalSection(SolutionConfigurationPlatforms) = preSolution
		Debug|Any CPU = Debug|Any CPU
		Release|Any CPU = Release|Any CPU
	EndGlobalSection
	GlobalSection(ProjectConfigurationPlatforms) = postSolution
		{F232F1C1-867D-4713-9336-2DC22B54DB66}.Debug|Any CPU.ActiveCfg = Debug|Any CPU
		{F232F1C1-867D-4713-9336-2DC22B54DB66}.Debug|Any CPU.Build.0 = Debug|Any CPU
		{F232F1C1-867D-4713-9336-2DC22B54DB66}.Release|Any CPU.ActiveCfg = Release|Any CPU
		{F232F1C1-867D-4713-9336-2DC22B54DB66}.Release|Any CPU.Build.0 = Release|Any CPU
		{B49C3226-EFEB-49BA-98D4-BA967EC96AF7}.Debug|Any CPU.ActiveCfg = Debug|Any CPU
		{B49C3226-EFEB-49BA-98D4-BA967EC96AF7}.Debug|Any CPU.Build.0 = Debug|Any CPU
		{B49C3226-EFEB-49BA-98D4-BA967EC96AF7}.Release|Any CPU.ActiveCfg = Release|Any CPU
		{B49C3226-EFEB-49BA-98D4-BA967EC96AF7}.Release|Any CPU.Build.0 = Release|Any CPU
		{C43F7090-B19A-43C6-98E7-B063FBD56A4D}.Debug|Any CPU.ActiveCfg = Debug|Any CPU
		{C43F7090-B19A-43C6-98E7-B063FBD56A4D}.Debug|Any CPU.Build.0 = Debug|Any CPU
		{C43F7090-B19A-43C6-98E7-B063FBD56A4D}.Release|Any CPU.ActiveCfg = Release|Any CPU
		{C43F7090-B19A-43C6-98E7-B063FBD56A4D}.Release|Any CPU.Build.0 = Release|Any CPU
	EndGlobalSection
	GlobalSection(SolutionProperties) = preSolution
		HideSolutionNode = FALSE
	EndGlobalSection
	GlobalSection(ExtensibilityGlobals) = postSolution
		SolutionGuid = {9E2AB421-D988-498D-8EF5-63387DC9801A}
	EndGlobalSection
EndGlobal
